
Microsoft Visual Studio Solution File, Format Version 12.00
# Visual Studio Version 17
VisualStudioVersion = 17.1.31911.260
MinimumVisualStudioVersion = 10.0.40219.1
Project("{FAE04EC0-301F-11D3-BF4B-00C04F79EFBC}") = "TestTypeScript", "TestTypeScript\TestTypeScript.csproj", "{3E6DE7EE-9C78-443A-8C39-55B7AD6464EA}"
EndProject
Global
	GlobalSection(SolutionConfigurationPlatforms) = preSolution
		Debug|Any CPU = Debug|Any CPU
		Release|Any CPU = Release|Any CPU
	EndGlobalSection
	GlobalSection(ProjectConfigurationPlatforms) = postSolution
		{3E6DE7EE-9C78-443A-8C39-55B7AD6464EA}.Debug|Any CPU.ActiveCfg = Debug|Any CPU
		{3E6DE7EE-9C78-443A-8C39-55B7AD6464EA}.Debug|Any CPU.Build.0 = Debug|Any CPU
		{3E6DE7EE-9C78-443A-8C39-55B7AD6464EA}.Release|Any CPU.ActiveCfg = Release|Any CPU
		{3E6DE7EE-9C78-443A-8C39-55B7AD6464EA}.Release|Any CPU.Build.0 = Release|Any CPU
	EndGlobalSection
	GlobalSection(SolutionProperties) = preSolution
		HideSolutionNode = FALSE
	EndGlobalSection
	GlobalSection(ExtensibilityGlobals) = postSolution
		SolutionGuid = {CA0A6514-B907-4D5D-8E15-B956CF85C0CE}
	EndGlobalSection
EndGlobal
