{
  "name": "asp.net",
  "version": "1.0.0",
  "lockfileVersion": 1,
  "requires": true,
  "dependencies": {
    "@popperjs/core": {
      "version": "2.11.0",
      "resolved": "https://registry.npmjs.org/@popperjs/core/-/core-2.11.0.tgz",
      "integrity": "sha512-zrsUxjLOKAzdewIDRWy9nsV1GQsKBCWaGwsZQlCgr6/q+vjyZhFgqedLfFBuI9anTPEUT4APq9Mu0SZBTzIcGQ==",
      "dev": true
    },
    "@types/bootstrap": {
      "version": "5.1.6",
      "resolved": "https://registry.npmjs.org/@types/bootstrap/-/bootstrap-5.1.6.tgz",
      "integrity": "sha512-3L6IvOCKyoVd3e4bgQTH7VBPbuYEOG8IQbRcuZ0AbjfwPdRX+kVf5L/7mVt1EVM+D/BVw4+71rtp7Z8yYROlpQ==",
      "dev": true,
      "requires": {
        "@popperjs/core": "^2.9.2",
        "@types/jquery": "*"
      }
    },
    "@types/jquery": {
      "version": "3.5.10",
      "resolved": "https://registry.npmjs.org/@types/jquery/-/jquery-3.5.10.tgz",
      "integrity": "sha512-w2qT5DFikh5TXrW/aOaCvCP8g2MMAfPXo3oeHR9v7dRuAZhu38PUWEkYrL4e9VRTcgZE4yER21AHndgpq2QPTQ==",
      "dev": true,
      "requires": {
        "@types/sizzle": "*"
      }
    },
    "@types/sizzle": {
      "version": "2.3.3",
      "resolved": "https://registry.npmjs.org/@types/sizzle/-/sizzle-2.3.3.tgz",
      "integrity": "sha512-JYM8x9EGF163bEyhdJBpR2QX1R5naCJHC8ucJylJ3w9/CVBaskdQ8WqBf8MmQrd1kRvp/a4TS8HJ+bxzR7ZJYQ==",
      "dev": true
    },
    "filepond": {
      "version": "4.30.3",
      "resolved": "https://registry.npmjs.org/filepond/-/filepond-4.30.3.tgz",
      "integrity": "sha512-G2b1LEe90Sq2vH0SYDASTB+vVU735NBctzIaFPlZtb14QAgi/AL89WyQ6LhTfqgyrMyuZur2O9yHAmzS2E9ZnA==",
      "dev": true
    },
    "filepond-plugin-image-preview": {
      "version": "4.6.10",
      "resolved": "https://registry.npmjs.org/filepond-plugin-image-preview/-/filepond-plugin-image-preview-4.6.10.tgz",
      "integrity": "sha512-C7Q5Sr/d4RQb2nMNQR93OiMt91OHxpvmIBGl+CO1dZE46lM49NUfI08dyElAOxTslDcA8pAfjFFCKo0sNYbrBg==",
      "dev": true
    }
  }
}
